
Microsoft Visual Studio Solution File, Format Version 12.00
# Visual Studio 15
VisualStudioVersion = 15.0.27703.2042
MinimumVisualStudioVersion = 10.0.40219.1
Project("{FAE04EC0-301F-11D3-BF4B-00C04F79EFBC}") = "MvcCoreDemo", "MvcCoreDemo\MvcCoreDemo.csproj", "{032E897C-DECD-4B33-AEB2-B9A970BAF55E}"
EndProject
Global
	GlobalSection(SolutionConfigurationPlatforms) = preSolution
		Debug|Any CPU = Debug|Any CPU
		Release|Any CPU = Release|Any CPU
	EndGlobalSection
	GlobalSection(ProjectConfigurationPlatforms) = postSolution
		{032E897C-DECD-4B33-AEB2-B9A970BAF55E}.Debug|Any CPU.ActiveCfg = Debug|Any CPU
		{032E897C-DECD-4B33-AEB2-B9A970BAF55E}.Debug|Any CPU.Build.0 = Debug|Any CPU
		{032E897C-DECD-4B33-AEB2-B9A970BAF55E}.Release|Any CPU.ActiveCfg = Release|Any CPU
		{032E897C-DECD-4B33-AEB2-B9A970BAF55E}.Release|Any CPU.Build.0 = Release|Any CPU
	EndGlobalSection
	GlobalSection(SolutionProperties) = preSolution
		HideSolutionNode = FALSE
	EndGlobalSection
	GlobalSection(ExtensibilityGlobals) = postSolution
		SolutionGuid = {D6802466-E2C5-4F1B-A893-59AF15C47113}
	EndGlobalSection
EndGlobal
